// !$*UTF8*$!
{
	archiveVersion = 1;
	classes = {
	};
	objectVersion = 50;
	objects = {

/* Begin PBXBuildFile section */
		953F3CAB20EB5D4D0098A027 /* AppDelegate.swift in Sources */ = {isa = PBXBuildFile; fileRef = 953F3CAA20EB5D4D0098A027 /* AppDelegate.swift */; };
		953F3CAD20EB5D4D0098A027 /* ViewController.swift in Sources */ = {isa = PBXBuildFile; fileRef = 953F3CAC20EB5D4D0098A027 /* ViewController.swift */; };
		953F3CB020EB5D4D0098A027 /* Main.storyboard in Resources */ = {isa = PBXBuildFile; fileRef = 953F3CAE20EB5D4D0098A027 /* Main.storyboard */; };
		953F3CB220EB5D530098A027 /* Assets.xcassets in Resources */ = {isa = PBXBuildFile; fileRef = 953F3CB120EB5D530098A027 /* Assets.xcassets */; };
		953F3CB520EB5D530098A027 /* LaunchScreen.storyboard in Resources */ = {isa = PBXBuildFile; fileRef = 953F3CB320EB5D530098A027 /* LaunchScreen.storyboard */; };
		953F3CC120EB5D6E0098A027 /* PictureView.swift in Sources */ = {isa = PBXBuildFile; fileRef = 953F3CBD20EB5D6E0098A027 /* PictureView.swift */; };
		953F3CC220EB5D6E0098A027 /* SubImageViews.swift in Sources */ = {isa = PBXBuildFile; fileRef = 953F3CBE20EB5D6E0098A027 /* SubImageViews.swift */; };
		953F3CC320EB5D6E0098A027 /* ImageModel.swift in Sources */ = {isa = PBXBuildFile; fileRef = 953F3CBF20EB5D6E0098A027 /* ImageModel.swift */; };
		953F3CC420EB5D6E0098A027 /* SetupImage.swift in Sources */ = {isa = PBXBuildFile; fileRef = 953F3CC020EB5D6E0098A027 /* SetupImage.swift */; };
		953F3CC620EB60790098A027 /* SampleModel.swift in Sources */ = {isa = PBXBuildFile; fileRef = 953F3CC520EB60790098A027 /* SampleModel.swift */; };
/* End PBXBuildFile section */

/* Begin PBXFileReference section */
		953F3CA720EB5D4D0098A027 /* ClickableImageView.app */ = {isa = PBXFileReference; explicitFileType = wrapper.application; includeInIndex = 0; path = ClickableImageView.app; sourceTree = BUILT_PRODUCTS_DIR; };
		953F3CAA20EB5D4D0098A027 /* AppDelegate.swift */ = {isa = PBXFileReference; lastKnownFileType = sourcecode.swift; path = AppDelegate.swift; sourceTree = "<group>"; };
		953F3CAC20EB5D4D0098A027 /* ViewController.swift */ = {isa = PBXFileReference; lastKnownFileType = sourcecode.swift; path = ViewController.swift; sourceTree = "<group>"; };
		953F3CAF20EB5D4D0098A027 /* Base */ = {isa = PBXFileReference; lastKnownFileType = file.storyboard; name = Base; path = Base.lproj/Main.storyboard; sourceTree = "<group>"; };
		953F3CB120EB5D530098A027 /* Assets.xcassets */ = {isa = PBXFileReference; lastKnownFileType = folder.assetcatalog; path = Assets.xcassets; sourceTree = "<group>"; };
		953F3CB420EB5D530098A027 /* Base */ = {isa = PBXFileReference; lastKnownFileType = file.storyboard; name = Base; path = Base.lproj/LaunchScreen.storyboard; sourceTree = "<group>"; };
		953F3CB620EB5D530098A027 /* Info.plist */ = {isa = PBXFileReference; lastKnownFileType = text.plist.xml; path = Info.plist; sourceTree = "<group>"; };
		953F3CBD20EB5D6E0098A027 /* PictureView.swift */ = {isa = PBXFileReference; fileEncoding = 4; lastKnownFileType = sourcecode.swift; path = PictureView.swift; sourceTree = "<group>"; };
		953F3CBE20EB5D6E0098A027 /* SubImageViews.swift */ = {isa = PBXFileReference; fileEncoding = 4; lastKnownFileType = sourcecode.swift; path = SubImageViews.swift; sourceTree = "<group>"; };
		953F3CBF20EB5D6E0098A027 /* ImageModel.swift */ = {isa = PBXFileReference; fileEncoding = 4; lastKnownFileType = sourcecode.swift; path = ImageModel.swift; sourceTree = "<group>"; };
		953F3CC020EB5D6E0098A027 /* SetupImage.swift */ = {isa = PBXFileReference; fileEncoding = 4; lastKnownFileType = sourcecode.swift; path = SetupImage.swift; sourceTree = "<group>"; };
		953F3CC520EB60790098A027 /* SampleModel.swift */ = {isa = PBXFileReference; lastKnownFileType = sourcecode.swift; path = SampleModel.swift; sourceTree = "<group>"; };
/* End PBXFileReference section */

/* Begin PBXFrameworksBuildPhase section */
		953F3CA420EB5D4D0098A027 /* Frameworks */ = {
			isa = PBXFrameworksBuildPhase;
			buildActionMask = 2147483647;
			files = (
			);
			runOnlyForDeploymentPostprocessing = 0;
		};
/* End PBXFrameworksBuildPhase section */

/* Begin PBXGroup section */
		953F3C9E20EB5D4D0098A027 = {
			isa = PBXGroup;
			children = (
				953F3CA920EB5D4D0098A027 /* ClickableImageView */,
				953F3CA820EB5D4D0098A027 /* Products */,
			);
			sourceTree = "<group>";
		};
		953F3CA820EB5D4D0098A027 /* Products */ = {
			isa = PBXGroup;
			children = (
				953F3CA720EB5D4D0098A027 /* ClickableImageView.app */,
			);
			name = Products;
			sourceTree = "<group>";
		};
		953F3CA920EB5D4D0098A027 /* ClickableImageView */ = {
			isa = PBXGroup;
			children = (
				953F3CBC20EB5D6E0098A027 /* ClickableImageUtils */,
				953F3CAA20EB5D4D0098A027 /* AppDelegate.swift */,
				953F3CAC20EB5D4D0098A027 /* ViewController.swift */,
				953F3CAE20EB5D4D0098A027 /* Main.storyboard */,
				953F3CB120EB5D530098A027 /* Assets.xcassets */,
				953F3CB320EB5D530098A027 /* LaunchScreen.storyboard */,
				953F3CB620EB5D530098A027 /* Info.plist */,
				953F3CC520EB60790098A027 /* SampleModel.swift */,
			);
			path = ClickableImageView;
			sourceTree = "<group>";
		};
		953F3CBC20EB5D6E0098A027 /* ClickableImageUtils */ = {
			isa = PBXGroup;
			children = (
				953F3CBD20EB5D6E0098A027 /* PictureView.swift */,
				953F3CBE20EB5D6E0098A027 /* SubImageViews.swift */,
				953F3CBF20EB5D6E0098A027 /* ImageModel.swift */,
				953F3CC020EB5D6E0098A027 /* SetupImage.swift */,
			);
			name = ClickableImageUtils;
			path = ../../../../Documents/Projects/ClickableImageView/ClickableImageUtils;
			sourceTree = "<group>";
		};
/* End PBXGroup section */

/* Begin PBXNativeTarget section */
		953F3CA620EB5D4D0098A027 /* ClickableImageView */ = {
			isa = PBXNativeTarget;
			buildConfigurationList = 953F3CB920EB5D530098A027 /* Build configuration list for PBXNativeTarget "ClickableImageView" */;
			buildPhases = (
				953F3CA320EB5D4D0098A027 /* Sources */,
				953F3CA420EB5D4D0098A027 /* Frameworks */,
				953F3CA520EB5D4D0098A027 /* Resources */,
			);
			buildRules = (
			);
			dependencies = (
			);
			name = ClickableImageView;
			productName = ClickableImageView;
			productReference = 953F3CA720EB5D4D0098A027 /* ClickableImageView.app */;
			productType = "com.apple.product-type.application";
		};
/* End PBXNativeTarget section */

/* Begin PBXProject section */
		953F3C9F20EB5D4D0098A027 /* Project object */ = {
			isa = PBXProject;
			attributes = {
				LastSwiftUpdateCheck = 0940;
				LastUpgradeCheck = 0940;
				ORGANIZATIONNAME = "Prekshya Admin";
				TargetAttributes = {
					953F3CA620EB5D4D0098A027 = {
						CreatedOnToolsVersion = 9.4.1;
					};
				};
			};
			buildConfigurationList = 953F3CA220EB5D4D0098A027 /* Build configuration list for PBXProject "ClickableImageView" */;
			compatibilityVersion = "Xcode 9.3";
			developmentRegion = en;
			hasScannedForEncodings = 0;
			knownRegions = (
				en,
				Base,
			);
			mainGroup = 953F3C9E20EB5D4D0098A027;
			productRefGroup = 953F3CA820EB5D4D0098A027 /* Products */;
			projectDirPath = "";
			projectRoot = "";
			targets = (
				953F3CA620EB5D4D0098A027 /* ClickableImageView */,
			);
		};
/* End PBXProject section */

/* Begin PBXResourcesBuildPhase section */
		953F3CA520EB5D4D0098A027 /* Resources */ = {
			isa = PBXResourcesBuildPhase;
			buildActionMask = 2147483647;
			files = (
				953F3CB520EB5D530098A027 /* LaunchScreen.storyboard in Resources */,
				953F3CB220EB5D530098A027 /* Assets.xcassets in Resources */,
				953F3CB020EB5D4D0098A027 /* Main.storyboard in Resources */,
			);
			runOnlyForDeploymentPostprocessing = 0;
		};
/* End PBXResourcesBuildPhase section */

/* Begin PBXSourcesBuildPhase section */
		953F3CA320EB5D4D0098A027 /* Sources */ = {
			isa = PBXSourcesBuildPhase;
			buildActionMask = 2147483647;
			files = (
				953F3CC120EB5D6E0098A027 /* PictureView.swift in Sources */,
				953F3CC320EB5D6E0098A027 /* ImageModel.swift in Sources */,
				953F3CC220EB5D6E0098A027 /* SubImageViews.swift in Sources */,
				953F3CC420EB5D6E0098A027 /* SetupImage.swift in Sources */,
				953F3CAD20EB5D4D0098A027 /* ViewController.swift in Sources */,
				953F3CC620EB60790098A027 /* SampleModel.swift in Sources */,
				953F3CAB20EB5D4D0098A027 /* AppDelegate.swift in Sources */,
			);
			runOnlyForDeploymentPostprocessing = 0;
		};
/* End PBXSourcesBuildPhase section */

/* Begin PBXVariantGroup section */
		953F3CAE20EB5D4D0098A027 /* Main.storyboard */ = {
			isa = PBXVariantGroup;
			children = (
				953F3CAF20EB5D4D0098A027 /* Base */,
			);
			name = Main.storyboard;
			sourceTree = "<group>";
		};
		953F3CB320EB5D530098A027 /* LaunchScreen.storyboard */ = {
			isa = PBXVariantGroup;
			children = (
				953F3CB420EB5D530098A027 /* Base */,
			);
			name = LaunchScreen.storyboard;
			sourceTree = "<group>";
		};
/* End PBXVariantGroup section */

/* Begin XCBuildConfiguration section */
		953F3CB720EB5D530098A027 /* Debug */ = {
			isa = XCBuildConfiguration;
			buildSettings = {
				ALWAYS_SEARCH_USER_PATHS = NO;
				CLANG_ANALYZER_NONNULL = YES;
				CLANG_ANALYZER_NUMBER_OBJECT_CONVERSION = YES_AGGRESSIVE;
				CLANG_CXX_LANGUAGE_STANDARD = "gnu++14";
				CLANG_CXX_LIBRARY = "libc++";
				CLANG_ENABLE_MODULES = YES;
				CLANG_ENABLE_OBJC_ARC = YES;
				CLANG_ENABLE_OBJC_WEAK = YES;
				CLANG_WARN_BLOCK_CAPTURE_AUTORELEASING = YES;
				CLANG_WARN_BOOL_CONVERSION = YES;
				CLANG_WARN_COMMA = YES;
				CLANG_WARN_CONSTANT_CONVERSION = YES;
				CLANG_WARN_DEPRECATED_OBJC_IMPLEMENTATIONS = YES;
				CLANG_WARN_DIRECT_OBJC_ISA_USAGE = YES_ERROR;
				CLANG_WARN_DOCUMENTATION_COMMENTS = YES;
				CLANG_WARN_EMPTY_BODY = YES;
				CLANG_WARN_ENUM_CONVERSION = YES;
				CLANG_WARN_INFINITE_RECURSION = YES;
				CLANG_WARN_INT_CONVERSION = YES;
				CLANG_WARN_NON_LITERAL_NULL_CONVERSION = YES;
				CLANG_WARN_OBJC_IMPLICIT_RETAIN_SELF = YES;
				CLANG_WARN_OBJC_LITERAL_CONVERSION = YES;
				CLANG_WARN_OBJC_ROOT_CLASS = YES_ERROR;
				CLANG_WARN_RANGE_LOOP_ANALYSIS = YES;
				CLANG_WARN_STRICT_PROTOTYPES = YES;
				CLANG_WARN_SUSPICIOUS_MOVE = YES;
				CLANG_WARN_UNGUARDED_AVAILABILITY = YES_AGGRESSIVE;
				CLANG_WARN_UNREACHABLE_CODE = YES;
				CLANG_WARN__DUPLICATE_METHOD_MATCH = YES;
				CODE_SIGN_IDENTITY = "iPhone Developer";
				COPY_PHASE_STRIP = NO;
				DEBUG_INFORMATION_FORMAT = dwarf;
				ENABLE_STRICT_OBJC_MSGSEND = YES;
				ENABLE_TESTABILITY = YES;
				GCC_C_LANGUAGE_STANDARD = gnu11;
				GCC_DYNAMIC_NO_PIC = NO;
				GCC_NO_COMMON_BLOCKS = YES;
				GCC_OPTIMIZATION_LEVEL = 0;
				GCC_PREPROCESSOR_DEFINITIONS = (
					"DEBUG=1",
					"$(inherited)",
				);
				GCC_WARN_64_TO_32_BIT_CONVERSION = YES;
				GCC_WARN_ABOUT_RETURN_TYPE = YES_ERROR;
				GCC_WARN_UNDECLARED_SELECTOR = YES;
				GCC_WARN_UNINITIALIZED_AUTOS = YES_AGGRESSIVE;
				GCC_WARN_UNUSED_FUNCTION = YES;
				GCC_WARN_UNUSED_VARIABLE = YES;
				IPHONEOS_DEPLOYMENT_TARGET = 11.4;
				MTL_ENABLE_DEBUG_INFO = YES;
				ONLY_ACTIVE_ARCH = YES;
				SDKROOT = iphoneos;
				SWIFT_ACTIVE_COMPILATION_CONDITIONS = DEBUG;
				SWIFT_OPTIMIZATION_LEVEL = "-Onone";
			};
			name = Debug;
		};
		953F3CB820EB5D530098A027 /* Release */ = {
			isa = XCBuildConfiguration;
			buildSettings = {
				ALWAYS_SEARCH_USER_PATHS = NO;
				CLANG_ANALYZER_NONNULL = YES;
				CLANG_ANALYZER_NUMBER_OBJECT_CONVERSION = YES_AGGRESSIVE;
				CLANG_CXX_LANGUAGE_STANDARD = "gnu++14";
				CLANG_CXX_LIBRARY = "libc++";
				CLANG_ENABLE_MODULES = YES;
				CLANG_ENABLE_OBJC_ARC = YES;
				CLANG_ENABLE_OBJC_WEAK = YES;
				CLANG_WARN_BLOCK_CAPTURE_AUTORELEASING = YES;
				CLANG_WARN_BOOL_CONVERSION = YES;
				CLANG_WARN_COMMA = YES;
				CLANG_WARN_CONSTANT_CONVERSION = YES;
				CLANG_WARN_DEPRECATED_OBJC_IMPLEMENTATIONS = YES;
				CLANG_WARN_DIRECT_OBJC_ISA_USAGE = YES_ERROR;
				CLANG_WARN_DOCUMENTATION_COMMENTS = YES;
				CLANG_WARN_EMPTY_BODY = YES;
				CLANG_WARN_ENUM_CONVERSION = YES;
				CLANG_WARN_INFINITE_RECURSION = YES;
				CLANG_WARN_INT_CONVERSION = YES;
				CLANG_WARN_NON_LITERAL_NULL_CONVERSION = YES;
				CLANG_WARN_OBJC_IMPLICIT_RETAIN_SELF = YES;
				CLANG_WARN_OBJC_LITERAL_CONVERSION = YES;
				CLANG_WARN_OBJC_ROOT_CLASS = YES_ERROR;
				CLANG_WARN_RANGE_LOOP_ANALYSIS = YES;
				CLANG_WARN_STRICT_PROTOTYPES = YES;
				CLANG_WARN_SUSPICIOUS_MOVE = YES;
				CLANG_WARN_UNGUARDED_AVAILABILITY = YES_AGGRESSIVE;
				CLANG_WARN_UNREACHABLE_CODE = YES;
				CLANG_WARN__DUPLICATE_METHOD_MATCH = YES;
				CODE_SIGN_IDENTITY = "iPhone Developer";
				COPY_PHASE_STRIP = NO;
				DEBUG_INFORMATION_FORMAT = "dwarf-with-dsym";
				ENABLE_NS_ASSERTIONS = NO;
				ENABLE_STRICT_OBJC_MSGSEND = YES;
				GCC_C_LANGUAGE_STANDARD = gnu11;
				GCC_NO_COMMON_BLOCKS = YES;
				GCC_WARN_64_TO_32_BIT_CONVERSION = YES;
				GCC_WARN_ABOUT_RETURN_TYPE = YES_ERROR;
				GCC_WARN_UNDECLARED_SELECTOR = YES;
				GCC_WARN_UNINITIALIZED_AUTOS = YES_AGGRESSIVE;
				GCC_WARN_UNUSED_FUNCTION = YES;
				GCC_WARN_UNUSED_VARIABLE = YES;
				IPHONEOS_DEPLOYMENT_TARGET = 11.4;
				MTL_ENABLE_DEBUG_INFO = NO;
				SDKROOT = iphoneos;
				SWIFT_COMPILATION_MODE = wholemodule;
				SWIFT_OPTIMIZATION_LEVEL = "-O";
				VALIDATE_PRODUCT = YES;
			};
			name = Release;
		};
		953F3CBA20EB5D530098A027 /* Debug */ = {
			isa = XCBuildConfiguration;
			buildSettings = {
				ASSETCATALOG_COMPILER_APPICON_NAME = AppIcon;
				CODE_SIGN_STYLE = Automatic;
				INFOPLIST_FILE = ClickableImageView/Info.plist;
				LD_RUNPATH_SEARCH_PATHS = (
					"$(inherited)",
					"@executable_path/Frameworks",
				);
				PRODUCT_BUNDLE_IDENTIFIER = demo.ClickableImageView;
				PRODUCT_NAME = "$(TARGET_NAME)";
				SWIFT_VERSION = 4.0;
				TARGETED_DEVICE_FAMILY = "1,2";
			};
			name = Debug;
		};
		953F3CBB20EB5D530098A027 /* Release */ = {
			isa = XCBuildConfiguration;
			buildSettings = {
				ASSETCATALOG_COMPILER_APPICON_NAME = AppIcon;
				CODE_SIGN_STYLE = Automatic;
				INFOPLIST_FILE = ClickableImageView/Info.plist;
				LD_RUNPATH_SEARCH_PATHS = (
					"$(inherited)",
					"@executable_path/Frameworks",
				);
				PRODUCT_BUNDLE_IDENTIFIER = demo.ClickableImageView;
				PRODUCT_NAME = "$(TARGET_NAME)";
				SWIFT_VERSION = 4.0;
				TARGETED_DEVICE_FAMILY = "1,2";
			};
			name = Release;
		};
/* End XCBuildConfiguration section */

/* Begin XCConfigurationList section */
		953F3CA220EB5D4D0098A027 /* Build configuration list for PBXProject "ClickableImageView" */ = {
			isa = XCConfigurationList;
			buildConfigurations = (
				953F3CB720EB5D530098A027 /* Debug */,
				953F3CB820EB5D530098A027 /* Release */,
			);
			defaultConfigurationIsVisible = 0;
			defaultConfigurationName = Release;
		};
		953F3CB920EB5D530098A027 /* Build configuration list for PBXNativeTarget "ClickableImageView" */ = {
			isa = XCConfigurationList;
			buildConfigurations = (
				953F3CBA20EB5D530098A027 /* Debug */,
				953F3CBB20EB5D530098A027 /* Release */,
			);
			defaultConfigurationIsVisible = 0;
			defaultConfigurationName = Release;
		};
/* End XCConfigurationList section */
	};
	rootObject = 953F3C9F20EB5D4D0098A027 /* Project object */;
}
